<Solution>
  <Configurations>
    <Platform Name="Any CPU" />
    <Platform Name="x64" />
    <Platform Name="x86" />
  </Configurations>
  <Project Path="WahooFitToGarmin-Desktop.Core/WahooFitToGarmin-Desktop.Core.csproj" />
  <Project Path="WahooFitToGarmin.Tests/WahooFitToGarmin.Tests.csproj" />
  <Project Path="WahooFitToGarmin.UI/WahooFitToGarmin.UI.csproj" />
</Solution>
